// !$*UTF8*$!
{
	archiveVersion = 1;
	classes = {
	};
	objectVersion = 46;
	objects = {

/* Begin PBXBuildFile section */
		445A5D091EE1025700B2DCCA /* main.m in Sources */ = {isa = PBXBuildFile; fileRef = 445A5D081EE1025700B2DCCA /* main.m */; };
		445A5D0C1EE1025700B2DCCA /* AppDelegate.m in Sources */ = {isa = PBXBuildFile; fileRef = 445A5D0B1EE1025700B2DCCA /* AppDelegate.m */; };
		445A5D0F1EE1025700B2DCCA /* ViewController.m in Sources */ = {isa = PBXBuildFile; fileRef = 445A5D0E1EE1025700B2DCCA /* ViewController.m */; };
		445A5D121EE1025700B2DCCA /* Main.storyboard in Resources */ = {isa = PBXBuildFile; fileRef = 445A5D101EE1025700B2DCCA /* Main.storyboard */; };
		445A5D141EE1025700B2DCCA /* Assets.xcassets in Resources */ = {isa = PBXBuildFile; fileRef = 445A5D131EE1025700B2DCCA /* Assets.xcassets */; };
		445A5D171EE1025700B2DCCA /* LaunchScreen.storyboard in Resources */ = {isa = PBXBuildFile; fileRef = 445A5D151EE1025700B2DCCA /* LaunchScreen.storyboard */; };
		445A5D201EE107B300B2DCCA /* HLQRScan.m in Sources */ = {isa = PBXBuildFile; fileRef = 445A5D1F1EE107B300B2DCCA /* HLQRScan.m */; };
/* End PBXBuildFile section */

/* Begin PBXFileReference section */
		445A5D041EE1025700B2DCCA /* BarcodeDemo.app */ = {isa = PBXFileReference; explicitFileType = wrapper.application; includeInIndex = 0; path = BarcodeDemo.app; sourceTree = BUILT_PRODUCTS_DIR; };
		445A5D081EE1025700B2DCCA /* main.m */ = {isa = PBXFileReference; lastKnownFileType = sourcecode.c.objc; path = main.m; sourceTree = "<group>"; };
		445A5D0A1EE1025700B2DCCA /* AppDelegate.h */ = {isa = PBXFileReference; lastKnownFileType = sourcecode.c.h; path = AppDelegate.h; sourceTree = "<group>"; };
		445A5D0B1EE1025700B2DCCA /* AppDelegate.m */ = {isa = PBXFileReference; lastKnownFileType = sourcecode.c.objc; path = AppDelegate.m; sourceTree = "<group>"; };
		445A5D0D1EE1025700B2DCCA /* ViewController.h */ = {isa = PBXFileReference; lastKnownFileType = sourcecode.c.h; path = ViewController.h; sourceTree = "<group>"; };
		445A5D0E1EE1025700B2DCCA /* ViewController.m */ = {isa = PBXFileReference; lastKnownFileType = sourcecode.c.objc; path = ViewController.m; sourceTree = "<group>"; };
		445A5D111EE1025700B2DCCA /* Base */ = {isa = PBXFileReference; lastKnownFileType = file.storyboard; name = Base; path = Base.lproj/Main.storyboard; sourceTree = "<group>"; };
		445A5D131EE1025700B2DCCA /* Assets.xcassets */ = {isa = PBXFileReference; lastKnownFileType = folder.assetcatalog; path = Assets.xcassets; sourceTree = "<group>"; };
		445A5D161EE1025700B2DCCA /* Base */ = {isa = PBXFileReference; lastKnownFileType = file.storyboard; name = Base; path = Base.lproj/LaunchScreen.storyboard; sourceTree = "<group>"; };
		445A5D181EE1025700B2DCCA /* Info.plist */ = {isa = PBXFileReference; lastKnownFileType = text.plist.xml; path = Info.plist; sourceTree = "<group>"; };
		445A5D1E1EE107B300B2DCCA /* HLQRScan.h */ = {isa = PBXFileReference; fileEncoding = 4; lastKnownFileType = sourcecode.c.h; path = HLQRScan.h; sourceTree = "<group>"; };
		445A5D1F1EE107B300B2DCCA /* HLQRScan.m */ = {isa = PBXFileReference; fileEncoding = 4; lastKnownFileType = sourcecode.c.objc; path = HLQRScan.m; sourceTree = "<group>"; };
/* End PBXFileReference section */

/* Begin PBXFrameworksBuildPhase section */
		445A5D011EE1025700B2DCCA /* Frameworks */ = {
			isa = PBXFrameworksBuildPhase;
			buildActionMask = 2147483647;
			files = (
			);
			runOnlyForDeploymentPostprocessing = 0;
		};
/* End PBXFrameworksBuildPhase section */

/* Begin PBXGroup section */
		445A5CFB1EE1025700B2DCCA = {
			isa = PBXGroup;
			children = (
				445A5D061EE1025700B2DCCA /* BarcodeDemo */,
				445A5D051EE1025700B2DCCA /* Products */,
			);
			sourceTree = "<group>";
		};
		445A5D051EE1025700B2DCCA /* Products */ = {
			isa = PBXGroup;
			children = (
				445A5D041EE1025700B2DCCA /* BarcodeDemo.app */,
			);
			name = Products;
			sourceTree = "<group>";
		};
		445A5D061EE1025700B2DCCA /* BarcodeDemo */ = {
			isa = PBXGroup;
			children = (
				445A5D0A1EE1025700B2DCCA /* AppDelegate.h */,
				445A5D0B1EE1025700B2DCCA /* AppDelegate.m */,
				445A5D0D1EE1025700B2DCCA /* ViewController.h */,
				445A5D0E1EE1025700B2DCCA /* ViewController.m */,
				445A5D101EE1025700B2DCCA /* Main.storyboard */,
				445A5D131EE1025700B2DCCA /* Assets.xcassets */,
				445A5D151EE1025700B2DCCA /* LaunchScreen.storyboard */,
				445A5D181EE1025700B2DCCA /* Info.plist */,
				445A5D071EE1025700B2DCCA /* Supporting Files */,
				445A5D1E1EE107B300B2DCCA /* HLQRScan.h */,
				445A5D1F1EE107B300B2DCCA /* HLQRScan.m */,
			);
			path = BarcodeDemo;
			sourceTree = "<group>";
		};
		445A5D071EE1025700B2DCCA /* Supporting Files */ = {
			isa = PBXGroup;
			children = (
				445A5D081EE1025700B2DCCA /* main.m */,
			);
			name = "Supporting Files";
			sourceTree = "<group>";
		};
/* End PBXGroup section */

/* Begin PBXNativeTarget section */
		445A5D031EE1025700B2DCCA /* BarcodeDemo */ = {
			isa = PBXNativeTarget;
			buildConfigurationList = 445A5D1B1EE1025700B2DCCA /* Build configuration list for PBXNativeTarget "BarcodeDemo" */;
			buildPhases = (
				445A5D001EE1025700B2DCCA /* Sources */,
				445A5D011EE1025700B2DCCA /* Frameworks */,
				445A5D021EE1025700B2DCCA /* Resources */,
			);
			buildRules = (
			);
			dependencies = (
			);
			name = BarcodeDemo;
			productName = BarcodeDemo;
			productReference = 445A5D041EE1025700B2DCCA /* BarcodeDemo.app */;
			productType = "com.apple.product-type.application";
		};
/* End PBXNativeTarget section */

/* Begin PBXProject section */
		445A5CFC1EE1025700B2DCCA /* Project object */ = {
			isa = PBXProject;
			attributes = {
				LastUpgradeCheck = 0800;
				ORGANIZATIONNAME = houweilei;
				TargetAttributes = {
					445A5D031EE1025700B2DCCA = {
						CreatedOnToolsVersion = 8.0;
						DevelopmentTeam = 4BA7W69YL2;
						ProvisioningStyle = Manual;
					};
				};
			};
			buildConfigurationList = 445A5CFF1EE1025700B2DCCA /* Build configuration list for PBXProject "BarcodeDemo" */;
			compatibilityVersion = "Xcode 3.2";
			developmentRegion = English;
			hasScannedForEncodings = 0;
			knownRegions = (
				en,
				Base,
			);
			mainGroup = 445A5CFB1EE1025700B2DCCA;
			productRefGroup = 445A5D051EE1025700B2DCCA /* Products */;
			projectDirPath = "";
			projectRoot = "";
			targets = (
				445A5D031EE1025700B2DCCA /* BarcodeDemo */,
			);
		};
/* End PBXProject section */

/* Begin PBXResourcesBuildPhase section */
		445A5D021EE1025700B2DCCA /* Resources */ = {
			isa = PBXResourcesBuildPhase;
			buildActionMask = 2147483647;
			files = (
				445A5D171EE1025700B2DCCA /* LaunchScreen.storyboard in Resources */,
				445A5D141EE1025700B2DCCA /* Assets.xcassets in Resources */,
				445A5D121EE1025700B2DCCA /* Main.storyboard in Resources */,
			);
			runOnlyForDeploymentPostprocessing = 0;
		};
/* End PBXResourcesBuildPhase section */

/* Begin PBXSourcesBuildPhase section */
		445A5D001EE1025700B2DCCA /* Sources */ = {
			isa = PBXSourcesBuildPhase;
			buildActionMask = 2147483647;
			files = (
				445A5D201EE107B300B2DCCA /* HLQRScan.m in Sources */,
				445A5D0F1EE1025700B2DCCA /* ViewController.m in Sources */,
				445A5D0C1EE1025700B2DCCA /* AppDelegate.m in Sources */,
				445A5D091EE1025700B2DCCA /* main.m in Sources */,
			);
			runOnlyForDeploymentPostprocessing = 0;
		};
/* End PBXSourcesBuildPhase section */

/* Begin PBXVariantGroup section */
		445A5D101EE1025700B2DCCA /* Main.storyboard */ = {
			isa = PBXVariantGroup;
			children = (
				445A5D111EE1025700B2DCCA /* Base */,
			);
			name = Main.storyboard;
			sourceTree = "<group>";
		};
		445A5D151EE1025700B2DCCA /* LaunchScreen.storyboard */ = {
			isa = PBXVariantGroup;
			children = (
				445A5D161EE1025700B2DCCA /* Base */,
			);
			name = LaunchScreen.storyboard;
			sourceTree = "<group>";
		};
/* End PBXVariantGroup section */

/* Begin XCBuildConfiguration section */
		445A5D191EE1025700B2DCCA /* Debug */ = {
			isa = XCBuildConfiguration;
			buildSettings = {
				ALWAYS_SEARCH_USER_PATHS = NO;
				CLANG_ANALYZER_NONNULL = YES;
				CLANG_CXX_LANGUAGE_STANDARD = "gnu++0x";
				CLANG_CXX_LIBRARY = "libc++";
				CLANG_ENABLE_MODULES = YES;
				CLANG_ENABLE_OBJC_ARC = YES;
				CLANG_WARN_BOOL_CONVERSION = YES;
				CLANG_WARN_CONSTANT_CONVERSION = YES;
				CLANG_WARN_DIRECT_OBJC_ISA_USAGE = YES_ERROR;
				CLANG_WARN_DOCUMENTATION_COMMENTS = YES;
				CLANG_WARN_EMPTY_BODY = YES;
				CLANG_WARN_ENUM_CONVERSION = YES;
				CLANG_WARN_INFINITE_RECURSION = YES;
				CLANG_WARN_INT_CONVERSION = YES;
				CLANG_WARN_OBJC_ROOT_CLASS = YES_ERROR;
				CLANG_WARN_SUSPICIOUS_MOVES = YES;
				CLANG_WARN_UNREACHABLE_CODE = YES;
				CLANG_WARN__DUPLICATE_METHOD_MATCH = YES;
				"CODE_SIGN_IDENTITY[sdk=iphoneos*]" = "iPhone Developer";
				COPY_PHASE_STRIP = NO;
				DEBUG_INFORMATION_FORMAT = dwarf;
				ENABLE_STRICT_OBJC_MSGSEND = YES;
				ENABLE_TESTABILITY = YES;
				GCC_C_LANGUAGE_STANDARD = gnu99;
				GCC_DYNAMIC_NO_PIC = NO;
				GCC_NO_COMMON_BLOCKS = YES;
				GCC_OPTIMIZATION_LEVEL = 0;
				GCC_PREPROCESSOR_DEFINITIONS = (
					"DEBUG=1",
					"$(inherited)",
				);
				GCC_WARN_64_TO_32_BIT_CONVERSION = YES;
				GCC_WARN_ABOUT_RETURN_TYPE = YES_ERROR;
				GCC_WARN_UNDECLARED_SELECTOR = YES;
				GCC_WARN_UNINITIALIZED_AUTOS = YES_AGGRESSIVE;
				GCC_WARN_UNUSED_FUNCTION = YES;
				GCC_WARN_UNUSED_VARIABLE = YES;
				IPHONEOS_DEPLOYMENT_TARGET = 10.0;
				MTL_ENABLE_DEBUG_INFO = YES;
				ONLY_ACTIVE_ARCH = YES;
				SDKROOT = iphoneos;
			};
			name = Debug;
		};
		445A5D1A1EE1025700B2DCCA /* Release */ = {
			isa = XCBuildConfiguration;
			buildSettings = {
				ALWAYS_SEARCH_USER_PATHS = NO;
				CLANG_ANALYZER_NONNULL = YES;
				CLANG_CXX_LANGUAGE_STANDARD = "gnu++0x";
				CLANG_CXX_LIBRARY = "libc++";
				CLANG_ENABLE_MODULES = YES;
				CLANG_ENABLE_OBJC_ARC = YES;
				CLANG_WARN_BOOL_CONVERSION = YES;
				CLANG_WARN_CONSTANT_CONVERSION = YES;
				CLANG_WARN_DIRECT_OBJC_ISA_USAGE = YES_ERROR;
				CLANG_WARN_DOCUMENTATION_COMMENTS = YES;
				CLANG_WARN_EMPTY_BODY = YES;
				CLANG_WARN_ENUM_CONVERSION = YES;
				CLANG_WARN_INFINITE_RECURSION = YES;
				CLANG_WARN_INT_CONVERSION = YES;
				CLANG_WARN_OBJC_ROOT_CLASS = YES_ERROR;
				CLANG_WARN_SUSPICIOUS_MOVES = YES;
				CLANG_WARN_UNREACHABLE_CODE = YES;
				CLANG_WARN__DUPLICATE_METHOD_MATCH = YES;
				"CODE_SIGN_IDENTITY[sdk=iphoneos*]" = "iPhone Developer";
				COPY_PHASE_STRIP = NO;
				DEBUG_INFORMATION_FORMAT = "dwarf-with-dsym";
				ENABLE_NS_ASSERTIONS = NO;
				ENABLE_STRICT_OBJC_MSGSEND = YES;
				GCC_C_LANGUAGE_STANDARD = gnu99;
				GCC_NO_COMMON_BLOCKS = YES;
				GCC_WARN_64_TO_32_BIT_CONVERSION = YES;
				GCC_WARN_ABOUT_RETURN_TYPE = YES_ERROR;
				GCC_WARN_UNDECLARED_SELECTOR = YES;
				GCC_WARN_UNINITIALIZED_AUTOS = YES_AGGRESSIVE;
				GCC_WARN_UNUSED_FUNCTION = YES;
				GCC_WARN_UNUSED_VARIABLE = YES;
				IPHONEOS_DEPLOYMENT_TARGET = 10.0;
				MTL_ENABLE_DEBUG_INFO = NO;
				SDKROOT = iphoneos;
				VALIDATE_PRODUCT = YES;
			};
			name = Release;
		};
		445A5D1C1EE1025700B2DCCA /* Debug */ = {
			isa = XCBuildConfiguration;
			buildSettings = {
				ASSETCATALOG_COMPILER_APPICON_NAME = AppIcon;
				DEVELOPMENT_TEAM = 4BA7W69YL2;
				INFOPLIST_FILE = BarcodeDemo/Info.plist;
				IPHONEOS_DEPLOYMENT_TARGET = 8.0;
				LD_RUNPATH_SEARCH_PATHS = "$(inherited) @executable_path/Frameworks";
				PRODUCT_BUNDLE_IDENTIFIER = com.rihui.BarcodeDemo;
				PRODUCT_NAME = "$(TARGET_NAME)";
				PROVISIONING_PROFILE = "fcf13a55-77d9-4145-b84f-c4036fa37625";
				PROVISIONING_PROFILE_SPECIFIER = cm6;
			};
			name = Debug;
		};
		445A5D1D1EE1025700B2DCCA /* Release */ = {
			isa = XCBuildConfiguration;
			buildSettings = {
				ASSETCATALOG_COMPILER_APPICON_NAME = AppIcon;
				DEVELOPMENT_TEAM = "";
				INFOPLIST_FILE = BarcodeDemo/Info.plist;
				IPHONEOS_DEPLOYMENT_TARGET = 8.0;
				LD_RUNPATH_SEARCH_PATHS = "$(inherited) @executable_path/Frameworks";
				PRODUCT_BUNDLE_IDENTIFIER = com.rihui.BarcodeDemo;
				PRODUCT_NAME = "$(TARGET_NAME)";
			};
			name = Release;
		};
/* End XCBuildConfiguration section */

/* Begin XCConfigurationList section */
		445A5CFF1EE1025700B2DCCA /* Build configuration list for PBXProject "BarcodeDemo" */ = {
			isa = XCConfigurationList;
			buildConfigurations = (
				445A5D191EE1025700B2DCCA /* Debug */,
				445A5D1A1EE1025700B2DCCA /* Release */,
			);
			defaultConfigurationIsVisible = 0;
			defaultConfigurationName = Release;
		};
		445A5D1B1EE1025700B2DCCA /* Build configuration list for PBXNativeTarget "BarcodeDemo" */ = {
			isa = XCConfigurationList;
			buildConfigurations = (
				445A5D1C1EE1025700B2DCCA /* Debug */,
				445A5D1D1EE1025700B2DCCA /* Release */,
			);
			defaultConfigurationIsVisible = 0;
		};
/* End XCConfigurationList section */
	};
	rootObject = 445A5CFC1EE1025700B2DCCA /* Project object */;
}
